
Microsoft Visual Studio Solution File, Format Version 12.00
# Visual Studio Version 17
VisualStudioVersion = 17.13.35806.99 d17.13
MinimumVisualStudioVersion = 10.0.40219.1
Project("{FAE04EC0-301F-11D3-BF4B-00C04F79EFBC}") = "DolgozoKezelo.Console", "DolgozoKezelo.Console.csproj", "{24D08702-A8DA-382B-6E79-12BED7877630}"
EndProject
Global
	GlobalSection(SolutionConfigurationPlatforms) = preSolution
		Debug|Any CPU = Debug|Any CPU
		Release|Any CPU = Release|Any CPU
	EndGlobalSection
	GlobalSection(ProjectConfigurationPlatforms) = postSolution
		{24D08702-A8DA-382B-6E79-12BED7877630}.Debug|Any CPU.ActiveCfg = Debug|Any CPU
		{24D08702-A8DA-382B-6E79-12BED7877630}.Debug|Any CPU.Build.0 = Debug|Any CPU
		{24D08702-A8DA-382B-6E79-12BED7877630}.Release|Any CPU.ActiveCfg = Release|Any CPU
		{24D08702-A8DA-382B-6E79-12BED7877630}.Release|Any CPU.Build.0 = Release|Any CPU
	EndGlobalSection
	GlobalSection(SolutionProperties) = preSolution
		HideSolutionNode = FALSE
	EndGlobalSection
	GlobalSection(ExtensibilityGlobals) = postSolution
		SolutionGuid = {3B1E2C5D-00F1-4810-8434-A3CDB81912E0}
	EndGlobalSection
EndGlobal
