
Microsoft Visual Studio Solution File, Format Version 12.00
# Visual Studio Version 17
VisualStudioVersion = 17.13.35806.99 d17.13
MinimumVisualStudioVersion = 10.0.40219.1
Project("{FAE04EC0-301F-11D3-BF4B-00C04F79EFBC}") = "DolgozoKezelo.Desktop", "DolgozoKezelo.Desktop.csproj", "{68041672-4D78-4410-8142-8E06563CC089}"
EndProject
Project("{FAE04EC0-301F-11D3-BF4B-00C04F79EFBC}") = "DolgozoKezelo.Console", "..\DolgozoKezelo.Console\DolgozoKezelo.Console.csproj", "{59F087D8-7C0A-C9DB-15EE-3494005A589C}"
EndProject
Global
	GlobalSection(SolutionConfigurationPlatforms) = preSolution
		Debug|Any CPU = Debug|Any CPU
		Release|Any CPU = Release|Any CPU
	EndGlobalSection
	GlobalSection(ProjectConfigurationPlatforms) = postSolution
		{68041672-4D78-4410-8142-8E06563CC089}.Debug|Any CPU.ActiveCfg = Debug|Any CPU
		{68041672-4D78-4410-8142-8E06563CC089}.Debug|Any CPU.Build.0 = Debug|Any CPU
		{68041672-4D78-4410-8142-8E06563CC089}.Release|Any CPU.ActiveCfg = Release|Any CPU
		{68041672-4D78-4410-8142-8E06563CC089}.Release|Any CPU.Build.0 = Release|Any CPU
		{59F087D8-7C0A-C9DB-15EE-3494005A589C}.Debug|Any CPU.ActiveCfg = Debug|Any CPU
		{59F087D8-7C0A-C9DB-15EE-3494005A589C}.Debug|Any CPU.Build.0 = Debug|Any CPU
		{59F087D8-7C0A-C9DB-15EE-3494005A589C}.Release|Any CPU.ActiveCfg = Release|Any CPU
		{59F087D8-7C0A-C9DB-15EE-3494005A589C}.Release|Any CPU.Build.0 = Release|Any CPU
	EndGlobalSection
	GlobalSection(SolutionProperties) = preSolution
		HideSolutionNode = FALSE
	EndGlobalSection
	GlobalSection(ExtensibilityGlobals) = postSolution
		SolutionGuid = {DDB0A806-29B0-4105-905B-01EF2F38C5CB}
	EndGlobalSection
EndGlobal
